<Solution>
  <Project Path="../BusisnesLogic/BusisnesLogic.csproj" Id="9f625e96-eb6f-4f7d-97f8-79706002c952" />
  <Project Path="../DataConexiones.cs/DataConexiones.cs.csproj" Id="37f22794-c9cd-4343-842c-f3374a785e8c" />
  <Project Path="ConsultorioMedico.csproj" Id="89ed468b-3e2e-47a0-8514-91d0ee4506e8" />
</Solution>
